// !$*UTF8*$!
{
	archiveVersion = 1;
	classes = {
	};
	objectVersion = 46;
	objects = {

/* Begin PBXBuildFile section */
		338788F61D3886C800015382 /* AppDelegate.swift in Sources */ = {isa = PBXBuildFile; fileRef = 338788F51D3886C800015382 /* AppDelegate.swift */; };
		338788F81D3886C800015382 /* ViewController.swift in Sources */ = {isa = PBXBuildFile; fileRef = 338788F71D3886C800015382 /* ViewController.swift */; };
		338788FB1D3886C800015382 /* Main.storyboard in Resources */ = {isa = PBXBuildFile; fileRef = 338788F91D3886C800015382 /* Main.storyboard */; };
		338788FD1D3886C800015382 /* Assets.xcassets in Resources */ = {isa = PBXBuildFile; fileRef = 338788FC1D3886C800015382 /* Assets.xcassets */; };
		338789001D3886C800015382 /* LaunchScreen.storyboard in Resources */ = {isa = PBXBuildFile; fileRef = 338788FE1D3886C800015382 /* LaunchScreen.storyboard */; };
		3387890B1D3886C800015382 /* DemoTests.swift in Sources */ = {isa = PBXBuildFile; fileRef = 3387890A1D3886C800015382 /* DemoTests.swift */; };
/* End PBXBuildFile section */

/* Begin PBXContainerItemProxy section */
		338789071D3886C800015382 /* PBXContainerItemProxy */ = {
			isa = PBXContainerItemProxy;
			containerPortal = 338788EA1D3886C800015382 /* Project object */;
			proxyType = 1;
			remoteGlobalIDString = 338788F11D3886C800015382;
			remoteInfo = Demo;
		};
/* End PBXContainerItemProxy section */

/* Begin PBXFileReference section */
		338788F21D3886C800015382 /* Demo.app */ = {isa = PBXFileReference; explicitFileType = wrapper.application; includeInIndex = 0; path = Demo.app; sourceTree = BUILT_PRODUCTS_DIR; };
		338788F51D3886C800015382 /* AppDelegate.swift */ = {isa = PBXFileReference; lastKnownFileType = sourcecode.swift; path = AppDelegate.swift; sourceTree = "<group>"; };
		338788F71D3886C800015382 /* ViewController.swift */ = {isa = PBXFileReference; lastKnownFileType = sourcecode.swift; path = ViewController.swift; sourceTree = "<group>"; };
		338788FA1D3886C800015382 /* Base */ = {isa = PBXFileReference; lastKnownFileType = file.storyboard; name = Base; path = Base.lproj/Main.storyboard; sourceTree = "<group>"; };
		338788FC1D3886C800015382 /* Assets.xcassets */ = {isa = PBXFileReference; lastKnownFileType = folder.assetcatalog; path = Assets.xcassets; sourceTree = "<group>"; };
		338788FF1D3886C800015382 /* Base */ = {isa = PBXFileReference; lastKnownFileType = file.storyboard; name = Base; path = Base.lproj/LaunchScreen.storyboard; sourceTree = "<group>"; };
		338789011D3886C800015382 /* Info.plist */ = {isa = PBXFileReference; lastKnownFileType = text.plist.xml; path = Info.plist; sourceTree = "<group>"; };
		338789061D3886C800015382 /* DemoTests.xctest */ = {isa = PBXFileReference; explicitFileType = wrapper.cfbundle; includeInIndex = 0; path = DemoTests.xctest; sourceTree = BUILT_PRODUCTS_DIR; };
		3387890A1D3886C800015382 /* DemoTests.swift */ = {isa = PBXFileReference; lastKnownFileType = sourcecode.swift; path = DemoTests.swift; sourceTree = "<group>"; };
		3387890C1D3886C800015382 /* Info.plist */ = {isa = PBXFileReference; lastKnownFileType = text.plist.xml; path = Info.plist; sourceTree = "<group>"; };
/* End PBXFileReference section */

/* Begin PBXFrameworksBuildPhase section */
		338788EF1D3886C800015382 /* Frameworks */ = {
			isa = PBXFrameworksBuildPhase;
			buildActionMask = 2147483647;
			files = (
			);
			runOnlyForDeploymentPostprocessing = 0;
		};
		338789031D3886C800015382 /* Frameworks */ = {
			isa = PBXFrameworksBuildPhase;
			buildActionMask = 2147483647;
			files = (
			);
			runOnlyForDeploymentPostprocessing = 0;
		};
/* End PBXFrameworksBuildPhase section */

/* Begin PBXGroup section */
		338788E91D3886C800015382 = {
			isa = PBXGroup;
			children = (
				338788F41D3886C800015382 /* Demo */,
				338789091D3886C800015382 /* DemoTests */,
				338788F31D3886C800015382 /* Products */,
			);
			sourceTree = "<group>";
		};
		338788F31D3886C800015382 /* Products */ = {
			isa = PBXGroup;
			children = (
				338788F21D3886C800015382 /* Demo.app */,
				338789061D3886C800015382 /* DemoTests.xctest */,
			);
			name = Products;
			sourceTree = "<group>";
		};
		338788F41D3886C800015382 /* Demo */ = {
			isa = PBXGroup;
			children = (
				338788F51D3886C800015382 /* AppDelegate.swift */,
				338788F71D3886C800015382 /* ViewController.swift */,
				338788F91D3886C800015382 /* Main.storyboard */,
				338788FC1D3886C800015382 /* Assets.xcassets */,
				338788FE1D3886C800015382 /* LaunchScreen.storyboard */,
				338789011D3886C800015382 /* Info.plist */,
			);
			path = Demo;
			sourceTree = "<group>";
		};
		338789091D3886C800015382 /* DemoTests */ = {
			isa = PBXGroup;
			children = (
				3387890A1D3886C800015382 /* DemoTests.swift */,
				3387890C1D3886C800015382 /* Info.plist */,
			);
			path = DemoTests;
			sourceTree = "<group>";
		};
/* End PBXGroup section */

/* Begin PBXNativeTarget section */
		338788F11D3886C800015382 /* Demo */ = {
			isa = PBXNativeTarget;
			buildConfigurationList = 3387890F1D3886C800015382 /* Build configuration list for PBXNativeTarget "Demo" */;
			buildPhases = (
				338788EE1D3886C800015382 /* Sources */,
				338788EF1D3886C800015382 /* Frameworks */,
				338788F01D3886C800015382 /* Resources */,
			);
			buildRules = (
			);
			dependencies = (
			);
			name = Demo;
			productName = Demo;
			productReference = 338788F21D3886C800015382 /* Demo.app */;
			productType = "com.apple.product-type.application";
		};
		338789051D3886C800015382 /* DemoTests */ = {
			isa = PBXNativeTarget;
			buildConfigurationList = 338789121D3886C800015382 /* Build configuration list for PBXNativeTarget "DemoTests" */;
			buildPhases = (
				338789021D3886C800015382 /* Sources */,
				338789031D3886C800015382 /* Frameworks */,
				338789041D3886C800015382 /* Resources */,
			);
			buildRules = (
			);
			dependencies = (
				338789081D3886C800015382 /* PBXTargetDependency */,
			);
			name = DemoTests;
			productName = DemoTests;
			productReference = 338789061D3886C800015382 /* DemoTests.xctest */;
			productType = "com.apple.product-type.bundle.unit-test";
		};
/* End PBXNativeTarget section */

/* Begin PBXProject section */
		338788EA1D3886C800015382 /* Project object */ = {
			isa = PBXProject;
			attributes = {
				LastSwiftUpdateCheck = 0730;
				LastUpgradeCheck = 0730;
				ORGANIZATIONNAME = AppleClub;
				TargetAttributes = {
					338788F11D3886C800015382 = {
						CreatedOnToolsVersion = 7.3.1;
						DevelopmentTeam = WGWLK679J7;
					};
					338789051D3886C800015382 = {
						CreatedOnToolsVersion = 7.3.1;
						DevelopmentTeam = WGWLK679J7;
						TestTargetID = 338788F11D3886C800015382;
					};
				};
			};
			buildConfigurationList = 338788ED1D3886C800015382 /* Build configuration list for PBXProject "Demo" */;
			compatibilityVersion = "Xcode 3.2";
			developmentRegion = English;
			hasScannedForEncodings = 0;
			knownRegions = (
				en,
				Base,
			);
			mainGroup = 338788E91D3886C800015382;
			productRefGroup = 338788F31D3886C800015382 /* Products */;
			projectDirPath = "";
			projectRoot = "";
			targets = (
				338788F11D3886C800015382 /* Demo */,
				338789051D3886C800015382 /* DemoTests */,
			);
		};
/* End PBXProject section */

/* Begin PBXResourcesBuildPhase section */
		338788F01D3886C800015382 /* Resources */ = {
			isa = PBXResourcesBuildPhase;
			buildActionMask = 2147483647;
			files = (
				338789001D3886C800015382 /* LaunchScreen.storyboard in Resources */,
				338788FD1D3886C800015382 /* Assets.xcassets in Resources */,
				338788FB1D3886C800015382 /* Main.storyboard in Resources */,
			);
			runOnlyForDeploymentPostprocessing = 0;
		};
		338789041D3886C800015382 /* Resources */ = {
			isa = PBXResourcesBuildPhase;
			buildActionMask = 2147483647;
			files = (
			);
			runOnlyForDeploymentPostprocessing = 0;
		};
/* End PBXResourcesBuildPhase section */

/* Begin PBXSourcesBuildPhase section */
		338788EE1D3886C800015382 /* Sources */ = {
			isa = PBXSourcesBuildPhase;
			buildActionMask = 2147483647;
			files = (
				338788F81D3886C800015382 /* ViewController.swift in Sources */,
				338788F61D3886C800015382 /* AppDelegate.swift in Sources */,
			);
			runOnlyForDeploymentPostprocessing = 0;
		};
		338789021D3886C800015382 /* Sources */ = {
			isa = PBXSourcesBuildPhase;
			buildActionMask = 2147483647;
			files = (
				3387890B1D3886C800015382 /* DemoTests.swift in Sources */,
			);
			runOnlyForDeploymentPostprocessing = 0;
		};
/* End PBXSourcesBuildPhase section */

/* Begin PBXTargetDependency section */
		338789081D3886C800015382 /* PBXTargetDependency */ = {
			isa = PBXTargetDependency;
			target = 338788F11D3886C800015382 /* Demo */;
			targetProxy = 338789071D3886C800015382 /* PBXContainerItemProxy */;
		};
/* End PBXTargetDependency section */

/* Begin PBXVariantGroup section */
		338788F91D3886C800015382 /* Main.storyboard */ = {
			isa = PBXVariantGroup;
			children = (
				338788FA1D3886C800015382 /* Base */,
			);
			name = Main.storyboard;
			sourceTree = "<group>";
		};
		338788FE1D3886C800015382 /* LaunchScreen.storyboard */ = {
			isa = PBXVariantGroup;
			children = (
				338788FF1D3886C800015382 /* Base */,
			);
			name = LaunchScreen.storyboard;
			sourceTree = "<group>";
		};
/* End PBXVariantGroup section */

/* Begin XCBuildConfiguration section */
		3387890D1D3886C800015382 /* Debug */ = {
			isa = XCBuildConfiguration;
			buildSettings = {
				ALWAYS_SEARCH_USER_PATHS = NO;
				CLANG_ANALYZER_NONNULL = YES;
				CLANG_CXX_LANGUAGE_STANDARD = "gnu++0x";
				CLANG_CXX_LIBRARY = "libc++";
				CLANG_ENABLE_MODULES = YES;
				CLANG_ENABLE_OBJC_ARC = YES;
				CLANG_WARN_BOOL_CONVERSION = YES;
				CLANG_WARN_CONSTANT_CONVERSION = YES;
				CLANG_WARN_DIRECT_OBJC_ISA_USAGE = YES_ERROR;
				CLANG_WARN_EMPTY_BODY = YES;
				CLANG_WARN_ENUM_CONVERSION = YES;
				CLANG_WARN_INT_CONVERSION = YES;
				CLANG_WARN_OBJC_ROOT_CLASS = YES_ERROR;
				CLANG_WARN_UNREACHABLE_CODE = YES;
				CLANG_WARN__DUPLICATE_METHOD_MATCH = YES;
				"CODE_SIGN_IDENTITY[sdk=iphoneos*]" = "iPhone Developer";
				COPY_PHASE_STRIP = NO;
				DEBUG_INFORMATION_FORMAT = dwarf;
				ENABLE_STRICT_OBJC_MSGSEND = YES;
				ENABLE_TESTABILITY = YES;
				GCC_C_LANGUAGE_STANDARD = gnu99;
				GCC_DYNAMIC_NO_PIC = NO;
				GCC_NO_COMMON_BLOCKS = YES;
				GCC_OPTIMIZATION_LEVEL = 0;
				GCC_PREPROCESSOR_DEFINITIONS = (
					"DEBUG=1",
					"$(inherited)",
				);
				GCC_WARN_64_TO_32_BIT_CONVERSION = YES;
				GCC_WARN_ABOUT_RETURN_TYPE = YES_ERROR;
				GCC_WARN_UNDECLARED_SELECTOR = YES;
				GCC_WARN_UNINITIALIZED_AUTOS = YES_AGGRESSIVE;
				GCC_WARN_UNUSED_FUNCTION = YES;
				GCC_WARN_UNUSED_VARIABLE = YES;
				IPHONEOS_DEPLOYMENT_TARGET = 9.3;
				MTL_ENABLE_DEBUG_INFO = YES;
				ONLY_ACTIVE_ARCH = YES;
				SDKROOT = iphoneos;
				SWIFT_OPTIMIZATION_LEVEL = "-Onone";
			};
			name = Debug;
		};
		3387890E1D3886C800015382 /* Release */ = {
			isa = XCBuildConfiguration;
			buildSettings = {
				ALWAYS_SEARCH_USER_PATHS = NO;
				CLANG_ANALYZER_NONNULL = YES;
				CLANG_CXX_LANGUAGE_STANDARD = "gnu++0x";
				CLANG_CXX_LIBRARY = "libc++";
				CLANG_ENABLE_MODULES = YES;
				CLANG_ENABLE_OBJC_ARC = YES;
				CLANG_WARN_BOOL_CONVERSION = YES;
				CLANG_WARN_CONSTANT_CONVERSION = YES;
				CLANG_WARN_DIRECT_OBJC_ISA_USAGE = YES_ERROR;
				CLANG_WARN_EMPTY_BODY = YES;
				CLANG_WARN_ENUM_CONVERSION = YES;
				CLANG_WARN_INT_CONVERSION = YES;
				CLANG_WARN_OBJC_ROOT_CLASS = YES_ERROR;
				CLANG_WARN_UNREACHABLE_CODE = YES;
				CLANG_WARN__DUPLICATE_METHOD_MATCH = YES;
				"CODE_SIGN_IDENTITY[sdk=iphoneos*]" = "iPhone Developer";
				COPY_PHASE_STRIP = NO;
				DEBUG_INFORMATION_FORMAT = "dwarf-with-dsym";
				ENABLE_NS_ASSERTIONS = NO;
				ENABLE_STRICT_OBJC_MSGSEND = YES;
				GCC_C_LANGUAGE_STANDARD = gnu99;
				GCC_NO_COMMON_BLOCKS = YES;
				GCC_WARN_64_TO_32_BIT_CONVERSION = YES;
				GCC_WARN_ABOUT_RETURN_TYPE = YES_ERROR;
				GCC_WARN_UNDECLARED_SELECTOR = YES;
				GCC_WARN_UNINITIALIZED_AUTOS = YES_AGGRESSIVE;
				GCC_WARN_UNUSED_FUNCTION = YES;
				GCC_WARN_UNUSED_VARIABLE = YES;
				IPHONEOS_DEPLOYMENT_TARGET = 9.3;
				MTL_ENABLE_DEBUG_INFO = NO;
				SDKROOT = iphoneos;
				VALIDATE_PRODUCT = YES;
			};
			name = Release;
		};
		338789101D3886C800015382 /* Debug */ = {
			isa = XCBuildConfiguration;
			buildSettings = {
				ASSETCATALOG_COMPILER_APPICON_NAME = AppIcon;
				CODE_SIGN_IDENTITY = "iPhone Developer";
				INFOPLIST_FILE = Demo/Info.plist;
				LD_RUNPATH_SEARCH_PATHS = "$(inherited) @executable_path/Frameworks";
				PRODUCT_BUNDLE_IDENTIFIER = AppleClub.Demo;
				PRODUCT_NAME = "$(TARGET_NAME)";
			};
			name = Debug;
		};
		338789111D3886C800015382 /* Release */ = {
			isa = XCBuildConfiguration;
			buildSettings = {
				ASSETCATALOG_COMPILER_APPICON_NAME = AppIcon;
				CODE_SIGN_IDENTITY = "iPhone Developer";
				INFOPLIST_FILE = Demo/Info.plist;
				LD_RUNPATH_SEARCH_PATHS = "$(inherited) @executable_path/Frameworks";
				PRODUCT_BUNDLE_IDENTIFIER = AppleClub.Demo;
				PRODUCT_NAME = "$(TARGET_NAME)";
			};
			name = Release;
		};
		338789131D3886C800015382 /* Debug */ = {
			isa = XCBuildConfiguration;
			buildSettings = {
				BUNDLE_LOADER = "$(TEST_HOST)";
				INFOPLIST_FILE = DemoTests/Info.plist;
				LD_RUNPATH_SEARCH_PATHS = "$(inherited) @executable_path/Frameworks @loader_path/Frameworks";
				PRODUCT_BUNDLE_IDENTIFIER = AppleClub.DemoTests;
				PRODUCT_NAME = "$(TARGET_NAME)";
				TEST_HOST = "$(BUILT_PRODUCTS_DIR)/Demo.app/Demo";
			};
			name = Debug;
		};
		338789141D3886C800015382 /* Release */ = {
			isa = XCBuildConfiguration;
			buildSettings = {
				BUNDLE_LOADER = "$(TEST_HOST)";
				INFOPLIST_FILE = DemoTests/Info.plist;
				LD_RUNPATH_SEARCH_PATHS = "$(inherited) @executable_path/Frameworks @loader_path/Frameworks";
				PRODUCT_BUNDLE_IDENTIFIER = AppleClub.DemoTests;
				PRODUCT_NAME = "$(TARGET_NAME)";
				TEST_HOST = "$(BUILT_PRODUCTS_DIR)/Demo.app/Demo";
			};
			name = Release;
		};
/* End XCBuildConfiguration section */

/* Begin XCConfigurationList section */
		338788ED1D3886C800015382 /* Build configuration list for PBXProject "Demo" */ = {
			isa = XCConfigurationList;
			buildConfigurations = (
				3387890D1D3886C800015382 /* Debug */,
				3387890E1D3886C800015382 /* Release */,
			);
			defaultConfigurationIsVisible = 0;
			defaultConfigurationName = Release;
		};
		3387890F1D3886C800015382 /* Build configuration list for PBXNativeTarget "Demo" */ = {
			isa = XCConfigurationList;
			buildConfigurations = (
				338789101D3886C800015382 /* Debug */,
				338789111D3886C800015382 /* Release */,
			);
			defaultConfigurationIsVisible = 0;
		};
		338789121D3886C800015382 /* Build configuration list for PBXNativeTarget "DemoTests" */ = {
			isa = XCConfigurationList;
			buildConfigurations = (
				338789131D3886C800015382 /* Debug */,
				338789141D3886C800015382 /* Release */,
			);
			defaultConfigurationIsVisible = 0;
		};
/* End XCConfigurationList section */
	};
	rootObject = 338788EA1D3886C800015382 /* Project object */;
}
